
Microsoft Visual Studio Solution File, Format Version 12.00
# Visual Studio Version 16
VisualStudioVersion = 16.0.28922.388
MinimumVisualStudioVersion = 10.0.40219.1
Project("{FAE04EC0-301F-11D3-BF4B-00C04F79EFBC}") = "Panacea.Modules.ClinicalButtons", "Panacea.Modules.ClinicalButtons\Panacea.Modules.ClinicalButtons.csproj", "{5D2859CF-AABA-4DFC-BEC8-ABC6F4884093}"
EndProject
Global
	GlobalSection(SolutionConfigurationPlatforms) = preSolution
		Debug|Any CPU = Debug|Any CPU
		Debug|x64 = Debug|x64
		Debug|x86 = Debug|x86
		Release|Any CPU = Release|Any CPU
		Release|x64 = Release|x64
		Release|x86 = Release|x86
	EndGlobalSection
	GlobalSection(ProjectConfigurationPlatforms) = postSolution
		{5D2859CF-AABA-4DFC-BEC8-ABC6F4884093}.Debug|Any CPU.ActiveCfg = Debug|Any CPU
		{5D2859CF-AABA-4DFC-BEC8-ABC6F4884093}.Debug|Any CPU.Build.0 = Debug|Any CPU
		{5D2859CF-AABA-4DFC-BEC8-ABC6F4884093}.Debug|x64.ActiveCfg = Debug|x64
		{5D2859CF-AABA-4DFC-BEC8-ABC6F4884093}.Debug|x64.Build.0 = Debug|x64
		{5D2859CF-AABA-4DFC-BEC8-ABC6F4884093}.Debug|x86.ActiveCfg = Debug|x86
		{5D2859CF-AABA-4DFC-BEC8-ABC6F4884093}.Debug|x86.Build.0 = Debug|x86
		{5D2859CF-AABA-4DFC-BEC8-ABC6F4884093}.Release|Any CPU.ActiveCfg = Release|Any CPU
		{5D2859CF-AABA-4DFC-BEC8-ABC6F4884093}.Release|Any CPU.Build.0 = Release|Any CPU
		{5D2859CF-AABA-4DFC-BEC8-ABC6F4884093}.Release|x64.ActiveCfg = Release|x64
		{5D2859CF-AABA-4DFC-BEC8-ABC6F4884093}.Release|x64.Build.0 = Release|x64
		{5D2859CF-AABA-4DFC-BEC8-ABC6F4884093}.Release|x86.ActiveCfg = Release|x86
		{5D2859CF-AABA-4DFC-BEC8-ABC6F4884093}.Release|x86.Build.0 = Release|x86
	EndGlobalSection
	GlobalSection(SolutionProperties) = preSolution
		HideSolutionNode = FALSE
	EndGlobalSection
	GlobalSection(ExtensibilityGlobals) = postSolution
		SolutionGuid = {817EDF09-711B-4676-9D38-A2174BC596FA}
	EndGlobalSection
EndGlobal
